
Microsoft Visual Studio Solution File, Format Version 12.00
# Visual Studio Version 17
VisualStudioVersion = 17.14.36518.9 d17.14
MinimumVisualStudioVersion = 10.0.40219.1
Project("{FAE04EC0-301F-11D3-BF4B-00C04F79EFBC}") = "Ene_Andreea_Lab1", "Ene_Andreea_Lab1\Ene_Andreea_Lab1.csproj", "{8B332CC9-0E92-4231-A313-368EFBEE2618}"
EndProject
Global
	GlobalSection(SolutionConfigurationPlatforms) = preSolution
		Debug|Any CPU = Debug|Any CPU
		Release|Any CPU = Release|Any CPU
	EndGlobalSection
	GlobalSection(ProjectConfigurationPlatforms) = postSolution
		{8B332CC9-0E92-4231-A313-368EFBEE2618}.Debug|Any CPU.ActiveCfg = Debug|Any CPU
		{8B332CC9-0E92-4231-A313-368EFBEE2618}.Debug|Any CPU.Build.0 = Debug|Any CPU
		{8B332CC9-0E92-4231-A313-368EFBEE2618}.Release|Any CPU.ActiveCfg = Release|Any CPU
		{8B332CC9-0E92-4231-A313-368EFBEE2618}.Release|Any CPU.Build.0 = Release|Any CPU
	EndGlobalSection
	GlobalSection(SolutionProperties) = preSolution
		HideSolutionNode = FALSE
	EndGlobalSection
	GlobalSection(ExtensibilityGlobals) = postSolution
		SolutionGuid = {65C3E768-20C0-48B7-AF0B-DC42B7796423}
	EndGlobalSection
EndGlobal
